// !$*UTF8*$!
{
	archiveVersion = 1;
	classes = {
	};
	objectVersion = 77;
	objects = {

/* Begin PBXBuildFile section */
		4EE7F6952E9462C2003D26A2 /* RevenueCat in Frameworks */ = {isa = PBXBuildFile; productRef = 4EE7F6942E9462C2003D26A2 /* RevenueCat */; };
		4EE7F69F2E947D35003D26A2 /* test.storekit in Resources */ = {isa = PBXBuildFile; fileRef = 4EE7F69E2E947D35003D26A2 /* test.storekit */; };
/* End PBXBuildFile section */

/* Begin PBXContainerItemProxy section */
		4E23E8882D20C9DB00F34526 /* PBXContainerItemProxy */ = {
			isa = PBXContainerItemProxy;
			containerPortal = 4E23E86F2D20C9DA00F34526 /* Project object */;
			proxyType = 1;
			remoteGlobalIDString = 4E23E8762D20C9DA00F34526;
			remoteInfo = ZenRise;
		};
		4E23E8922D20C9DB00F34526 /* PBXContainerItemProxy */ = {
			isa = PBXContainerItemProxy;
			containerPortal = 4E23E86F2D20C9DA00F34526 /* Project object */;
			proxyType = 1;
			remoteGlobalIDString = 4E23E8762D20C9DA00F34526;
			remoteInfo = ZenRise;
		};
/* End PBXContainerItemProxy section */

/* Begin PBXFileReference section */
		4E23E8772D20C9DA00F34526 /* ZenRise.app */ = {isa = PBXFileReference; explicitFileType = wrapper.application; includeInIndex = 0; path = ZenRise.app; sourceTree = BUILT_PRODUCTS_DIR; };
		4E23E8872D20C9DB00F34526 /* ZenRiseTests.xctest */ = {isa = PBXFileReference; explicitFileType = wrapper.cfbundle; includeInIndex = 0; path = ZenRiseTests.xctest; sourceTree = BUILT_PRODUCTS_DIR; };
		4E23E8912D20C9DB00F34526 /* ZenRiseUITests.xctest */ = {isa = PBXFileReference; explicitFileType = wrapper.cfbundle; includeInIndex = 0; path = ZenRiseUITests.xctest; sourceTree = BUILT_PRODUCTS_DIR; };
		4EE7F69E2E947D35003D26A2 /* test.storekit */ = {isa = PBXFileReference; lastKnownFileType = text; path = test.storekit; sourceTree = "<group>"; };
/* End PBXFileReference section */

/* Begin PBXFileSystemSynchronizedBuildFileExceptionSet section */
		4E767BE12E93674800F9BEA3 /* Exceptions for "ZenRise" folder in "ZenRise" target */ = {
			isa = PBXFileSystemSynchronizedBuildFileExceptionSet;
			membershipExceptions = (
				Info.plist,
			);
			target = 4E23E8762D20C9DA00F34526 /* ZenRise */;
		};
/* End PBXFileSystemSynchronizedBuildFileExceptionSet section */

/* Begin PBXFileSystemSynchronizedRootGroup section */
		4E23E8792D20C9DA00F34526 /* ZenRise */ = {
			isa = PBXFileSystemSynchronizedRootGroup;
			exceptions = (
				4E767BE12E93674800F9BEA3 /* Exceptions for "ZenRise" folder in "ZenRise" target */,
			);
			path = ZenRise;
			sourceTree = "<group>";
		};
		4E23E88A2D20C9DB00F34526 /* ZenRiseTests */ = {
			isa = PBXFileSystemSynchronizedRootGroup;
			path = ZenRiseTests;
			sourceTree = "<group>";
		};
		4E23E8942D20C9DB00F34526 /* ZenRiseUITests */ = {
			isa = PBXFileSystemSynchronizedRootGroup;
			path = ZenRiseUITests;
			sourceTree = "<group>";
		};
/* End PBXFileSystemSynchronizedRootGroup section */

/* Begin PBXFrameworksBuildPhase section */
		4E23E8742D20C9DA00F34526 /* Frameworks */ = {
			isa = PBXFrameworksBuildPhase;
			buildActionMask = 2147483647;
			files = (
				4EE7F6952E9462C2003D26A2 /* RevenueCat in Frameworks */,
			);
			runOnlyForDeploymentPostprocessing = 0;
		};
		4E23E8842D20C9DB00F34526 /* Frameworks */ = {
			isa = PBXFrameworksBuildPhase;
			buildActionMask = 2147483647;
			files = (
			);
			runOnlyForDeploymentPostprocessing = 0;
		};
		4E23E88E2D20C9DB00F34526 /* Frameworks */ = {
			isa = PBXFrameworksBuildPhase;
			buildActionMask = 2147483647;
			files = (
			);
			runOnlyForDeploymentPostprocessing = 0;
		};
/* End PBXFrameworksBuildPhase section */

/* Begin PBXGroup section */
		4E23E86E2D20C9D900F34526 = {
			isa = PBXGroup;
			children = (
				4EE7F69E2E947D35003D26A2 /* test.storekit */,
				4E23E8792D20C9DA00F34526 /* ZenRise */,
				4E23E88A2D20C9DB00F34526 /* ZenRiseTests */,
				4E23E8942D20C9DB00F34526 /* ZenRiseUITests */,
				4E23E8782D20C9DA00F34526 /* Products */,
			);
			sourceTree = "<group>";
		};
		4E23E8782D20C9DA00F34526 /* Products */ = {
			isa = PBXGroup;
			children = (
				4E23E8772D20C9DA00F34526 /* ZenRise.app */,
				4E23E8872D20C9DB00F34526 /* ZenRiseTests.xctest */,
				4E23E8912D20C9DB00F34526 /* ZenRiseUITests.xctest */,
			);
			name = Products;
			sourceTree = "<group>";
		};
/* End PBXGroup section */

/* Begin PBXNativeTarget section */
		4E23E8762D20C9DA00F34526 /* ZenRise */ = {
			isa = PBXNativeTarget;
			buildConfigurationList = 4E23E89B2D20C9DB00F34526 /* Build configuration list for PBXNativeTarget "ZenRise" */;
			buildPhases = (
				4E23E8732D20C9DA00F34526 /* Sources */,
				4E23E8742D20C9DA00F34526 /* Frameworks */,
				4E23E8752D20C9DA00F34526 /* Resources */,
			);
			buildRules = (
			);
			dependencies = (
			);
			fileSystemSynchronizedGroups = (
				4E23E8792D20C9DA00F34526 /* ZenRise */,
			);
			name = ZenRise;
			packageProductDependencies = (
				4EE7F6942E9462C2003D26A2 /* RevenueCat */,
			);
			productName = ZenRise;
			productReference = 4E23E8772D20C9DA00F34526 /* ZenRise.app */;
			productType = "com.apple.product-type.application";
		};
		4E23E8862D20C9DB00F34526 /* ZenRiseTests */ = {
			isa = PBXNativeTarget;
			buildConfigurationList = 4E23E89E2D20C9DB00F34526 /* Build configuration list for PBXNativeTarget "ZenRiseTests" */;
			buildPhases = (
				4E23E8832D20C9DB00F34526 /* Sources */,
				4E23E8842D20C9DB00F34526 /* Frameworks */,
				4E23E8852D20C9DB00F34526 /* Resources */,
			);
			buildRules = (
			);
			dependencies = (
				4E23E8892D20C9DB00F34526 /* PBXTargetDependency */,
			);
			fileSystemSynchronizedGroups = (
				4E23E88A2D20C9DB00F34526 /* ZenRiseTests */,
			);
			name = ZenRiseTests;
			packageProductDependencies = (
			);
			productName = ZenRiseTests;
			productReference = 4E23E8872D20C9DB00F34526 /* ZenRiseTests.xctest */;
			productType = "com.apple.product-type.bundle.unit-test";
		};
		4E23E8902D20C9DB00F34526 /* ZenRiseUITests */ = {
			isa = PBXNativeTarget;
			buildConfigurationList = 4E23E8A12D20C9DB00F34526 /* Build configuration list for PBXNativeTarget "ZenRiseUITests" */;
			buildPhases = (
				4E23E88D2D20C9DB00F34526 /* Sources */,
				4E23E88E2D20C9DB00F34526 /* Frameworks */,
				4E23E88F2D20C9DB00F34526 /* Resources */,
			);
			buildRules = (
			);
			dependencies = (
				4E23E8932D20C9DB00F34526 /* PBXTargetDependency */,
			);
			fileSystemSynchronizedGroups = (
				4E23E8942D20C9DB00F34526 /* ZenRiseUITests */,
			);
			name = ZenRiseUITests;
			packageProductDependencies = (
			);
			productName = ZenRiseUITests;
			productReference = 4E23E8912D20C9DB00F34526 /* ZenRiseUITests.xctest */;
			productType = "com.apple.product-type.bundle.ui-testing";
		};
/* End PBXNativeTarget section */

/* Begin PBXProject section */
		4E23E86F2D20C9DA00F34526 /* Project object */ = {
			isa = PBXProject;
			attributes = {
				BuildIndependentTargetsInParallel = 1;
				LastSwiftUpdateCheck = 1620;
				LastUpgradeCheck = 2600;
				TargetAttributes = {
					4E23E8762D20C9DA00F34526 = {
						CreatedOnToolsVersion = 16.2;
					};
					4E23E8862D20C9DB00F34526 = {
						CreatedOnToolsVersion = 16.2;
						TestTargetID = 4E23E8762D20C9DA00F34526;
					};
					4E23E8902D20C9DB00F34526 = {
						CreatedOnToolsVersion = 16.2;
						TestTargetID = 4E23E8762D20C9DA00F34526;
					};
				};
			};
			buildConfigurationList = 4E23E8722D20C9DA00F34526 /* Build configuration list for PBXProject "ZenRise" */;
			developmentRegion = en;
			hasScannedForEncodings = 0;
			knownRegions = (
				en,
				Base,
			);
			mainGroup = 4E23E86E2D20C9D900F34526;
			minimizedProjectReferenceProxies = 1;
			packageReferences = (
				4EE7F6932E9462C2003D26A2 /* XCRemoteSwiftPackageReference "purchases-ios-spm" */,
			);
			preferredProjectObjectVersion = 77;
			productRefGroup = 4E23E8782D20C9DA00F34526 /* Products */;
			projectDirPath = "";
			projectRoot = "";
			targets = (
				4E23E8762D20C9DA00F34526 /* ZenRise */,
				4E23E8862D20C9DB00F34526 /* ZenRiseTests */,
				4E23E8902D20C9DB00F34526 /* ZenRiseUITests */,
			);
		};
/* End PBXProject section */

/* Begin PBXResourcesBuildPhase section */
		4E23E8752D20C9DA00F34526 /* Resources */ = {
			isa = PBXResourcesBuildPhase;
			buildActionMask = 2147483647;
			files = (
				4EE7F69F2E947D35003D26A2 /* test.storekit in Resources */,
			);
			runOnlyForDeploymentPostprocessing = 0;
		};
		4E23E8852D20C9DB00F34526 /* Resources */ = {
			isa = PBXResourcesBuildPhase;
			buildActionMask = 2147483647;
			files = (
			);
			runOnlyForDeploymentPostprocessing = 0;
		};
		4E23E88F2D20C9DB00F34526 /* Resources */ = {
			isa = PBXResourcesBuildPhase;
			buildActionMask = 2147483647;
			files = (
			);
			runOnlyForDeploymentPostprocessing = 0;
		};
/* End PBXResourcesBuildPhase section */

/* Begin PBXSourcesBuildPhase section */
		4E23E8732D20C9DA00F34526 /* Sources */ = {
			isa = PBXSourcesBuildPhase;
			buildActionMask = 2147483647;
			files = (
			);
			runOnlyForDeploymentPostprocessing = 0;
		};
		4E23E8832D20C9DB00F34526 /* Sources */ = {
			isa = PBXSourcesBuildPhase;
			buildActionMask = 2147483647;
			files = (
			);
			runOnlyForDeploymentPostprocessing = 0;
		};
		4E23E88D2D20C9DB00F34526 /* Sources */ = {
			isa = PBXSourcesBuildPhase;
			buildActionMask = 2147483647;
			files = (
			);
			runOnlyForDeploymentPostprocessing = 0;
		};
/* End PBXSourcesBuildPhase section */

/* Begin PBXTargetDependency section */
		4E23E8892D20C9DB00F34526 /* PBXTargetDependency */ = {
			isa = PBXTargetDependency;
			target = 4E23E8762D20C9DA00F34526 /* ZenRise */;
			targetProxy = 4E23E8882D20C9DB00F34526 /* PBXContainerItemProxy */;
		};
		4E23E8932D20C9DB00F34526 /* PBXTargetDependency */ = {
			isa = PBXTargetDependency;
			target = 4E23E8762D20C9DA00F34526 /* ZenRise */;
			targetProxy = 4E23E8922D20C9DB00F34526 /* PBXContainerItemProxy */;
		};
/* End PBXTargetDependency section */

/* Begin XCBuildConfiguration section */
		4E23E8992D20C9DB00F34526 /* Debug */ = {
			isa = XCBuildConfiguration;
			buildSettings = {
				ALWAYS_SEARCH_USER_PATHS = NO;
				ASSETCATALOG_COMPILER_GENERATE_SWIFT_ASSET_SYMBOL_EXTENSIONS = YES;
				CLANG_ANALYZER_NONNULL = YES;
				CLANG_ANALYZER_NUMBER_OBJECT_CONVERSION = YES_AGGRESSIVE;
				CLANG_CXX_LANGUAGE_STANDARD = "gnu++20";
				CLANG_ENABLE_MODULES = YES;
				CLANG_ENABLE_OBJC_ARC = YES;
				CLANG_ENABLE_OBJC_WEAK = YES;
				CLANG_WARN_BLOCK_CAPTURE_AUTORELEASING = YES;
				CLANG_WARN_BOOL_CONVERSION = YES;
				CLANG_WARN_COMMA = YES;
				CLANG_WARN_CONSTANT_CONVERSION = YES;
				CLANG_WARN_DEPRECATED_OBJC_IMPLEMENTATIONS = YES;
				CLANG_WARN_DIRECT_OBJC_ISA_USAGE = YES_ERROR;
				CLANG_WARN_DOCUMENTATION_COMMENTS = YES;
				CLANG_WARN_EMPTY_BODY = YES;
				CLANG_WARN_ENUM_CONVERSION = YES;
				CLANG_WARN_INFINITE_RECURSION = YES;
				CLANG_WARN_INT_CONVERSION = YES;
				CLANG_WARN_NON_LITERAL_NULL_CONVERSION = YES;
				CLANG_WARN_OBJC_IMPLICIT_RETAIN_SELF = YES;
				CLANG_WARN_OBJC_LITERAL_CONVERSION = YES;
				CLANG_WARN_OBJC_ROOT_CLASS = YES_ERROR;
				CLANG_WARN_QUOTED_INCLUDE_IN_FRAMEWORK_HEADER = YES;
				CLANG_WARN_RANGE_LOOP_ANALYSIS = YES;
				CLANG_WARN_STRICT_PROTOTYPES = YES;
				CLANG_WARN_SUSPICIOUS_MOVE = YES;
				CLANG_WARN_UNGUARDED_AVAILABILITY = YES_AGGRESSIVE;
				CLANG_WARN_UNREACHABLE_CODE = YES;
				CLANG_WARN__DUPLICATE_METHOD_MATCH = YES;
				COPY_PHASE_STRIP = NO;
				DEBUG_INFORMATION_FORMAT = dwarf;
				ENABLE_STRICT_OBJC_MSGSEND = YES;
				ENABLE_TESTABILITY = YES;
				ENABLE_USER_SCRIPT_SANDBOXING = YES;
				GCC_C_LANGUAGE_STANDARD = gnu17;
				GCC_DYNAMIC_NO_PIC = NO;
				GCC_NO_COMMON_BLOCKS = YES;
				GCC_OPTIMIZATION_LEVEL = 0;
				GCC_PREPROCESSOR_DEFINITIONS = (
					"DEBUG=1",
					"$(inherited)",
				);
				GCC_WARN_64_TO_32_BIT_CONVERSION = YES;
				GCC_WARN_ABOUT_RETURN_TYPE = YES_ERROR;
				GCC_WARN_UNDECLARED_SELECTOR = YES;
				GCC_WARN_UNINITIALIZED_AUTOS = YES_AGGRESSIVE;
				GCC_WARN_UNUSED_FUNCTION = YES;
				GCC_WARN_UNUSED_VARIABLE = YES;
				IPHONEOS_DEPLOYMENT_TARGET = 26.0;
				LOCALIZATION_PREFERS_STRING_CATALOGS = YES;
				MTL_ENABLE_DEBUG_INFO = INCLUDE_SOURCE;
				MTL_FAST_MATH = YES;
				ONLY_ACTIVE_ARCH = YES;
				SDKROOT = iphoneos;
				STRING_CATALOG_GENERATE_SYMBOLS = YES;
				SWIFT_ACTIVE_COMPILATION_CONDITIONS = "DEBUG $(inherited)";
				SWIFT_OPTIMIZATION_LEVEL = "-Onone";
			};
			name = Debug;
		};
		4E23E89A2D20C9DB00F34526 /* Release */ = {
			isa = XCBuildConfiguration;
			buildSettings = {
				ALWAYS_SEARCH_USER_PATHS = NO;
				ASSETCATALOG_COMPILER_GENERATE_SWIFT_ASSET_SYMBOL_EXTENSIONS = YES;
				CLANG_ANALYZER_NONNULL = YES;
				CLANG_ANALYZER_NUMBER_OBJECT_CONVERSION = YES_AGGRESSIVE;
				CLANG_CXX_LANGUAGE_STANDARD = "gnu++20";
				CLANG_ENABLE_MODULES = YES;
				CLANG_ENABLE_OBJC_ARC = YES;
				CLANG_ENABLE_OBJC_WEAK = YES;
				CLANG_WARN_BLOCK_CAPTURE_AUTORELEASING = YES;
				CLANG_WARN_BOOL_CONVERSION = YES;
				CLANG_WARN_COMMA = YES;
				CLANG_WARN_CONSTANT_CONVERSION = YES;
				CLANG_WARN_DEPRECATED_OBJC_IMPLEMENTATIONS = YES;
				CLANG_WARN_DIRECT_OBJC_ISA_USAGE = YES_ERROR;
				CLANG_WARN_DOCUMENTATION_COMMENTS = YES;
				CLANG_WARN_EMPTY_BODY = YES;
				CLANG_WARN_ENUM_CONVERSION = YES;
				CLANG_WARN_INFINITE_RECURSION = YES;
				CLANG_WARN_INT_CONVERSION = YES;
				CLANG_WARN_NON_LITERAL_NULL_CONVERSION = YES;
				CLANG_WARN_OBJC_IMPLICIT_RETAIN_SELF = YES;
				CLANG_WARN_OBJC_LITERAL_CONVERSION = YES;
				CLANG_WARN_OBJC_ROOT_CLASS = YES_ERROR;
				CLANG_WARN_QUOTED_INCLUDE_IN_FRAMEWORK_HEADER = YES;
				CLANG_WARN_RANGE_LOOP_ANALYSIS = YES;
				CLANG_WARN_STRICT_PROTOTYPES = YES;
				CLANG_WARN_SUSPICIOUS_MOVE = YES;
				CLANG_WARN_UNGUARDED_AVAILABILITY = YES_AGGRESSIVE;
				CLANG_WARN_UNREACHABLE_CODE = YES;
				CLANG_WARN__DUPLICATE_METHOD_MATCH = YES;
				COPY_PHASE_STRIP = NO;
				DEBUG_INFORMATION_FORMAT = "dwarf-with-dsym";
				ENABLE_NS_ASSERTIONS = NO;
				ENABLE_STRICT_OBJC_MSGSEND = YES;
				ENABLE_USER_SCRIPT_SANDBOXING = YES;
				GCC_C_LANGUAGE_STANDARD = gnu17;
				GCC_NO_COMMON_BLOCKS = YES;
				GCC_WARN_64_TO_32_BIT_CONVERSION = YES;
				GCC_WARN_ABOUT_RETURN_TYPE = YES_ERROR;
				GCC_WARN_UNDECLARED_SELECTOR = YES;
				GCC_WARN_UNINITIALIZED_AUTOS = YES_AGGRESSIVE;
				GCC_WARN_UNUSED_FUNCTION = YES;
				GCC_WARN_UNUSED_VARIABLE = YES;
				IPHONEOS_DEPLOYMENT_TARGET = 26.0;
				LOCALIZATION_PREFERS_STRING_CATALOGS = YES;
				MTL_ENABLE_DEBUG_INFO = NO;
				MTL_FAST_MATH = YES;
				SDKROOT = iphoneos;
				STRING_CATALOG_GENERATE_SYMBOLS = YES;
				SWIFT_COMPILATION_MODE = wholemodule;
				VALIDATE_PRODUCT = YES;
			};
			name = Release;
		};
		4E23E89C2D20C9DB00F34526 /* Debug */ = {
			isa = XCBuildConfiguration;
			buildSettings = {
				ASSETCATALOG_COMPILER_APPICON_NAME = AppIcon;
				ASSETCATALOG_COMPILER_GLOBAL_ACCENT_COLOR_NAME = AccentColor;
				ASSETCATALOG_COMPILER_INCLUDE_ALL_APPICON_ASSETS = NO;
				CODE_SIGN_STYLE = Automatic;
				CURRENT_PROJECT_VERSION = 1;
				DEVELOPMENT_ASSET_PATHS = "\"ZenRise/Preview Content\"";
				DEVELOPMENT_TEAM = HQ2ETGWEV9;
				ENABLE_PREVIEWS = YES;
				GENERATE_INFOPLIST_FILE = YES;
				INFOPLIST_FILE = ZenRise/Info.plist;
				INFOPLIST_KEY_LSApplicationCategoryType = "public.app-category.healthcare-fitness";
				INFOPLIST_KEY_UIApplicationSceneManifest_Generation = YES;
				INFOPLIST_KEY_UIApplicationSupportsIndirectInputEvents = YES;
				INFOPLIST_KEY_UILaunchScreen_Generation = YES;
				INFOPLIST_KEY_UISupportedInterfaceOrientations_iPad = "UIInterfaceOrientationPortrait UIInterfaceOrientationPortraitUpsideDown UIInterfaceOrientationLandscapeLeft UIInterfaceOrientationLandscapeRight";
				INFOPLIST_KEY_UISupportedInterfaceOrientations_iPhone = "UIInterfaceOrientationPortrait UIInterfaceOrientationLandscapeLeft UIInterfaceOrientationLandscapeRight";
				LD_RUNPATH_SEARCH_PATHS = (
					"$(inherited)",
					"@executable_path/Frameworks",
				);
				MARKETING_VERSION = 1.03;
				PRODUCT_BUNDLE_IDENTIFIER = com.zenrise.app;
				PRODUCT_NAME = "$(TARGET_NAME)";
				SWIFT_EMIT_LOC_STRINGS = YES;
				SWIFT_VERSION = 5.0;
				TARGETED_DEVICE_FAMILY = "1,2";
			};
			name = Debug;
		};
		4E23E89D2D20C9DB00F34526 /* Release */ = {
			isa = XCBuildConfiguration;
			buildSettings = {
				ASSETCATALOG_COMPILER_APPICON_NAME = AppIcon;
				ASSETCATALOG_COMPILER_GLOBAL_ACCENT_COLOR_NAME = AccentColor;
				ASSETCATALOG_COMPILER_INCLUDE_ALL_APPICON_ASSETS = NO;
				CODE_SIGN_STYLE = Automatic;
				CURRENT_PROJECT_VERSION = 1;
				DEVELOPMENT_ASSET_PATHS = "\"ZenRise/Preview Content\"";
				DEVELOPMENT_TEAM = HQ2ETGWEV9;
				ENABLE_PREVIEWS = YES;
				GENERATE_INFOPLIST_FILE = YES;
				INFOPLIST_FILE = ZenRise/Info.plist;
				INFOPLIST_KEY_LSApplicationCategoryType = "public.app-category.healthcare-fitness";
				INFOPLIST_KEY_UIApplicationSceneManifest_Generation = YES;
				INFOPLIST_KEY_UIApplicationSupportsIndirectInputEvents = YES;
				INFOPLIST_KEY_UILaunchScreen_Generation = YES;
				INFOPLIST_KEY_UISupportedInterfaceOrientations_iPad = "UIInterfaceOrientationPortrait UIInterfaceOrientationPortraitUpsideDown UIInterfaceOrientationLandscapeLeft UIInterfaceOrientationLandscapeRight";
				INFOPLIST_KEY_UISupportedInterfaceOrientations_iPhone = "UIInterfaceOrientationPortrait UIInterfaceOrientationLandscapeLeft UIInterfaceOrientationLandscapeRight";
				LD_RUNPATH_SEARCH_PATHS = (
					"$(inherited)",
					"@executable_path/Frameworks",
				);
				MARKETING_VERSION = 1.03;
				PRODUCT_BUNDLE_IDENTIFIER = com.zenrise.app;
				PRODUCT_NAME = "$(TARGET_NAME)";
				SWIFT_EMIT_LOC_STRINGS = YES;
				SWIFT_VERSION = 5.0;
				TARGETED_DEVICE_FAMILY = "1,2";
			};
			name = Release;
		};
		4E23E89F2D20C9DB00F34526 /* Debug */ = {
			isa = XCBuildConfiguration;
			buildSettings = {
				BUNDLE_LOADER = "$(TEST_HOST)";
				CODE_SIGN_STYLE = Automatic;
				CURRENT_PROJECT_VERSION = 1;
				GENERATE_INFOPLIST_FILE = YES;
				IPHONEOS_DEPLOYMENT_TARGET = 18.2;
				MARKETING_VERSION = 1.0;
				PRODUCT_BUNDLE_IDENTIFIER = pavan.ZenRiseTests;
				PRODUCT_NAME = "$(TARGET_NAME)";
				SWIFT_EMIT_LOC_STRINGS = NO;
				SWIFT_VERSION = 5.0;
				TARGETED_DEVICE_FAMILY = "1,2";
				TEST_HOST = "$(BUILT_PRODUCTS_DIR)/ZenRise.app/$(BUNDLE_EXECUTABLE_FOLDER_PATH)/ZenRise";
			};
			name = Debug;
		};
		4E23E8A02D20C9DB00F34526 /* Release */ = {
			isa = XCBuildConfiguration;
			buildSettings = {
				BUNDLE_LOADER = "$(TEST_HOST)";
				CODE_SIGN_STYLE = Automatic;
				CURRENT_PROJECT_VERSION = 1;
				GENERATE_INFOPLIST_FILE = YES;
				IPHONEOS_DEPLOYMENT_TARGET = 18.2;
				MARKETING_VERSION = 1.0;
				PRODUCT_BUNDLE_IDENTIFIER = pavan.ZenRiseTests;
				PRODUCT_NAME = "$(TARGET_NAME)";
				SWIFT_EMIT_LOC_STRINGS = NO;
				SWIFT_VERSION = 5.0;
				TARGETED_DEVICE_FAMILY = "1,2";
				TEST_HOST = "$(BUILT_PRODUCTS_DIR)/ZenRise.app/$(BUNDLE_EXECUTABLE_FOLDER_PATH)/ZenRise";
			};
			name = Release;
		};
		4E23E8A22D20C9DB00F34526 /* Debug */ = {
			isa = XCBuildConfiguration;
			buildSettings = {
				CODE_SIGN_STYLE = Automatic;
				CURRENT_PROJECT_VERSION = 1;
				GENERATE_INFOPLIST_FILE = YES;
				MARKETING_VERSION = 1.0;
				PRODUCT_BUNDLE_IDENTIFIER = pavan.ZenRiseUITests;
				PRODUCT_NAME = "$(TARGET_NAME)";
				SWIFT_EMIT_LOC_STRINGS = NO;
				SWIFT_VERSION = 5.0;
				TARGETED_DEVICE_FAMILY = "1,2";
				TEST_TARGET_NAME = ZenRise;
			};
			name = Debug;
		};
		4E23E8A32D20C9DB00F34526 /* Release */ = {
			isa = XCBuildConfiguration;
			buildSettings = {
				CODE_SIGN_STYLE = Automatic;
				CURRENT_PROJECT_VERSION = 1;
				GENERATE_INFOPLIST_FILE = YES;
				MARKETING_VERSION = 1.0;
				PRODUCT_BUNDLE_IDENTIFIER = pavan.ZenRiseUITests;
				PRODUCT_NAME = "$(TARGET_NAME)";
				SWIFT_EMIT_LOC_STRINGS = NO;
				SWIFT_VERSION = 5.0;
				TARGETED_DEVICE_FAMILY = "1,2";
				TEST_TARGET_NAME = ZenRise;
			};
			name = Release;
		};
/* End XCBuildConfiguration section */

/* Begin XCConfigurationList section */
		4E23E8722D20C9DA00F34526 /* Build configuration list for PBXProject "ZenRise" */ = {
			isa = XCConfigurationList;
			buildConfigurations = (
				4E23E8992D20C9DB00F34526 /* Debug */,
				4E23E89A2D20C9DB00F34526 /* Release */,
			);
			defaultConfigurationIsVisible = 0;
			defaultConfigurationName = Release;
		};
		4E23E89B2D20C9DB00F34526 /* Build configuration list for PBXNativeTarget "ZenRise" */ = {
			isa = XCConfigurationList;
			buildConfigurations = (
				4E23E89C2D20C9DB00F34526 /* Debug */,
				4E23E89D2D20C9DB00F34526 /* Release */,
			);
			defaultConfigurationIsVisible = 0;
			defaultConfigurationName = Release;
		};
		4E23E89E2D20C9DB00F34526 /* Build configuration list for PBXNativeTarget "ZenRiseTests" */ = {
			isa = XCConfigurationList;
			buildConfigurations = (
				4E23E89F2D20C9DB00F34526 /* Debug */,
				4E23E8A02D20C9DB00F34526 /* Release */,
			);
			defaultConfigurationIsVisible = 0;
			defaultConfigurationName = Release;
		};
		4E23E8A12D20C9DB00F34526 /* Build configuration list for PBXNativeTarget "ZenRiseUITests" */ = {
			isa = XCConfigurationList;
			buildConfigurations = (
				4E23E8A22D20C9DB00F34526 /* Debug */,
				4E23E8A32D20C9DB00F34526 /* Release */,
			);
			defaultConfigurationIsVisible = 0;
			defaultConfigurationName = Release;
		};
/* End XCConfigurationList section */

/* Begin XCRemoteSwiftPackageReference section */
		4EE7F6932E9462C2003D26A2 /* XCRemoteSwiftPackageReference "purchases-ios-spm" */ = {
			isa = XCRemoteSwiftPackageReference;
			repositoryURL = "https://github.com/RevenueCat/purchases-ios-spm";
			requirement = {
				kind = upToNextMajorVersion;
				minimumVersion = 5.41.0;
			};
		};
/* End XCRemoteSwiftPackageReference section */

/* Begin XCSwiftPackageProductDependency section */
		4EE7F6942E9462C2003D26A2 /* RevenueCat */ = {
			isa = XCSwiftPackageProductDependency;
			package = 4EE7F6932E9462C2003D26A2 /* XCRemoteSwiftPackageReference "purchases-ios-spm" */;
			productName = RevenueCat;
		};
/* End XCSwiftPackageProductDependency section */
	};
	rootObject = 4E23E86F2D20C9DA00F34526 /* Project object */;
}
